// !$*UTF8*$!
{
	archiveVersion = 1;
	classes = {
	};
	objectVersion = 50;
	objects = {

/* Begin PBXBuildFile section */
		9D18A2792424E8F1009E01B5 /* server.c in Sources */ = {isa = PBXBuildFile; fileRef = 9D18A2782424E8F1009E01B5 /* server.c */; };
		9DC38C6D24223D4F00BDCB68 /* main.c in Sources */ = {isa = PBXBuildFile; fileRef = 9DC38C6C24223D4F00BDCB68 /* main.c */; };
		9DC38C7624223DAA00BDCB68 /* filework.c in Sources */ = {isa = PBXBuildFile; fileRef = 9DC38C7524223DAA00BDCB68 /* filework.c */; };
		9DC38C79242240BC00BDCB68 /* db.c in Sources */ = {isa = PBXBuildFile; fileRef = 9DC38C78242240BC00BDCB68 /* db.c */; };
		9DC38C7C2422455800BDCB68 /* query.c in Sources */ = {isa = PBXBuildFile; fileRef = 9DC38C7B2422455800BDCB68 /* query.c */; };
/* End PBXBuildFile section */

/* Begin PBXCopyFilesBuildPhase section */
		9DC38C6724223D4E00BDCB68 /* CopyFiles */ = {
			isa = PBXCopyFilesBuildPhase;
			buildActionMask = 2147483647;
			dstPath = /usr/share/man/man1/;
			dstSubfolderSpec = 0;
			files = (
			);
			runOnlyForDeploymentPostprocessing = 1;
		};
/* End PBXCopyFilesBuildPhase section */

/* Begin PBXFileReference section */
		9D18A2772424E8F1009E01B5 /* server.h */ = {isa = PBXFileReference; lastKnownFileType = sourcecode.c.h; path = server.h; sourceTree = "<group>"; };
		9D18A2782424E8F1009E01B5 /* server.c */ = {isa = PBXFileReference; lastKnownFileType = sourcecode.c.c; path = server.c; sourceTree = "<group>"; };
		9D18A27A2424EE1B009E01B5 /* index.html */ = {isa = PBXFileReference; lastKnownFileType = text.html; path = index.html; sourceTree = "<group>"; };
		9DC38C6924223D4E00BDCB68 /* dbexample */ = {isa = PBXFileReference; explicitFileType = "compiled.mach-o.executable"; includeInIndex = 0; path = dbexample; sourceTree = BUILT_PRODUCTS_DIR; };
		9DC38C6C24223D4F00BDCB68 /* main.c */ = {isa = PBXFileReference; lastKnownFileType = sourcecode.c.c; path = main.c; sourceTree = "<group>"; };
		9DC38C7324223D7200BDCB68 /* data.txt */ = {isa = PBXFileReference; lastKnownFileType = text; path = data.txt; sourceTree = "<group>"; };
		9DC38C7424223DAA00BDCB68 /* filework.h */ = {isa = PBXFileReference; lastKnownFileType = sourcecode.c.h; path = filework.h; sourceTree = "<group>"; };
		9DC38C7524223DAA00BDCB68 /* filework.c */ = {isa = PBXFileReference; lastKnownFileType = sourcecode.c.c; path = filework.c; sourceTree = "<group>"; };
		9DC38C77242240BC00BDCB68 /* db.h */ = {isa = PBXFileReference; lastKnownFileType = sourcecode.c.h; path = db.h; sourceTree = "<group>"; };
		9DC38C78242240BC00BDCB68 /* db.c */ = {isa = PBXFileReference; lastKnownFileType = sourcecode.c.c; path = db.c; sourceTree = "<group>"; };
		9DC38C7A2422455800BDCB68 /* query.h */ = {isa = PBXFileReference; lastKnownFileType = sourcecode.c.h; path = query.h; sourceTree = "<group>"; };
		9DC38C7B2422455800BDCB68 /* query.c */ = {isa = PBXFileReference; lastKnownFileType = sourcecode.c.c; path = query.c; sourceTree = "<group>"; };
/* End PBXFileReference section */

/* Begin PBXFrameworksBuildPhase section */
		9DC38C6624223D4E00BDCB68 /* Frameworks */ = {
			isa = PBXFrameworksBuildPhase;
			buildActionMask = 2147483647;
			files = (
			);
			runOnlyForDeploymentPostprocessing = 0;
		};
/* End PBXFrameworksBuildPhase section */

/* Begin PBXGroup section */
		9DC38C6024223D4E00BDCB68 = {
			isa = PBXGroup;
			children = (
				9DC38C6B24223D4E00BDCB68 /* dbexample */,
				9DC38C6A24223D4E00BDCB68 /* Products */,
			);
			sourceTree = "<group>";
		};
		9DC38C6A24223D4E00BDCB68 /* Products */ = {
			isa = PBXGroup;
			children = (
				9DC38C6924223D4E00BDCB68 /* dbexample */,
			);
			name = Products;
			sourceTree = "<group>";
		};
		9DC38C6B24223D4E00BDCB68 /* dbexample */ = {
			isa = PBXGroup;
			children = (
				9DC38C6C24223D4F00BDCB68 /* main.c */,
				9DC38C7324223D7200BDCB68 /* data.txt */,
				9DC38C7424223DAA00BDCB68 /* filework.h */,
				9DC38C7524223DAA00BDCB68 /* filework.c */,
				9DC38C77242240BC00BDCB68 /* db.h */,
				9DC38C78242240BC00BDCB68 /* db.c */,
				9DC38C7A2422455800BDCB68 /* query.h */,
				9DC38C7B2422455800BDCB68 /* query.c */,
				9D18A2772424E8F1009E01B5 /* server.h */,
				9D18A2782424E8F1009E01B5 /* server.c */,
				9D18A27A2424EE1B009E01B5 /* index.html */,
			);
			path = dbexample;
			sourceTree = "<group>";
		};
/* End PBXGroup section */

/* Begin PBXNativeTarget section */
		9DC38C6824223D4E00BDCB68 /* dbexample */ = {
			isa = PBXNativeTarget;
			buildConfigurationList = 9DC38C7024223D4F00BDCB68 /* Build configuration list for PBXNativeTarget "dbexample" */;
			buildPhases = (
				9DC38C6524223D4E00BDCB68 /* Sources */,
				9DC38C6624223D4E00BDCB68 /* Frameworks */,
				9DC38C6724223D4E00BDCB68 /* CopyFiles */,
			);
			buildRules = (
			);
			dependencies = (
			);
			name = dbexample;
			productName = dbexample;
			productReference = 9DC38C6924223D4E00BDCB68 /* dbexample */;
			productType = "com.apple.product-type.tool";
		};
/* End PBXNativeTarget section */

/* Begin PBXProject section */
		9DC38C6124223D4E00BDCB68 /* Project object */ = {
			isa = PBXProject;
			attributes = {
				LastUpgradeCheck = 1130;
				ORGANIZATIONNAME = "Дмитрий Маслюков";
				TargetAttributes = {
					9DC38C6824223D4E00BDCB68 = {
						CreatedOnToolsVersion = 11.3.1;
					};
				};
			};
			buildConfigurationList = 9DC38C6424223D4E00BDCB68 /* Build configuration list for PBXProject "dbexample" */;
			compatibilityVersion = "Xcode 9.3";
			developmentRegion = en;
			hasScannedForEncodings = 0;
			knownRegions = (
				en,
				Base,
			);
			mainGroup = 9DC38C6024223D4E00BDCB68;
			productRefGroup = 9DC38C6A24223D4E00BDCB68 /* Products */;
			projectDirPath = "";
			projectRoot = "";
			targets = (
				9DC38C6824223D4E00BDCB68 /* dbexample */,
			);
		};
/* End PBXProject section */

/* Begin PBXSourcesBuildPhase section */
		9DC38C6524223D4E00BDCB68 /* Sources */ = {
			isa = PBXSourcesBuildPhase;
			buildActionMask = 2147483647;
			files = (
				9DC38C79242240BC00BDCB68 /* db.c in Sources */,
				9DC38C7624223DAA00BDCB68 /* filework.c in Sources */,
				9DC38C7C2422455800BDCB68 /* query.c in Sources */,
				9D18A2792424E8F1009E01B5 /* server.c in Sources */,
				9DC38C6D24223D4F00BDCB68 /* main.c in Sources */,
			);
			runOnlyForDeploymentPostprocessing = 0;
		};
/* End PBXSourcesBuildPhase section */

/* Begin XCBuildConfiguration section */
		9DC38C6E24223D4F00BDCB68 /* Debug */ = {
			isa = XCBuildConfiguration;
			buildSettings = {
				ALWAYS_SEARCH_USER_PATHS = NO;
				CLANG_ANALYZER_NONNULL = YES;
				CLANG_ANALYZER_NUMBER_OBJECT_CONVERSION = YES_AGGRESSIVE;
				CLANG_CXX_LANGUAGE_STANDARD = "gnu++14";
				CLANG_CXX_LIBRARY = "libc++";
				CLANG_ENABLE_MODULES = YES;
				CLANG_ENABLE_OBJC_ARC = YES;
				CLANG_ENABLE_OBJC_WEAK = YES;
				CLANG_WARN_BLOCK_CAPTURE_AUTORELEASING = YES;
				CLANG_WARN_BOOL_CONVERSION = YES;
				CLANG_WARN_COMMA = YES;
				CLANG_WARN_CONSTANT_CONVERSION = YES;
				CLANG_WARN_DEPRECATED_OBJC_IMPLEMENTATIONS = YES;
				CLANG_WARN_DIRECT_OBJC_ISA_USAGE = YES_ERROR;
				CLANG_WARN_DOCUMENTATION_COMMENTS = YES;
				CLANG_WARN_EMPTY_BODY = YES;
				CLANG_WARN_ENUM_CONVERSION = YES;
				CLANG_WARN_INFINITE_RECURSION = YES;
				CLANG_WARN_INT_CONVERSION = YES;
				CLANG_WARN_NON_LITERAL_NULL_CONVERSION = YES;
				CLANG_WARN_OBJC_IMPLICIT_RETAIN_SELF = YES;
				CLANG_WARN_OBJC_LITERAL_CONVERSION = YES;
				CLANG_WARN_OBJC_ROOT_CLASS = YES_ERROR;
				CLANG_WARN_RANGE_LOOP_ANALYSIS = YES;
				CLANG_WARN_STRICT_PROTOTYPES = YES;
				CLANG_WARN_SUSPICIOUS_MOVE = YES;
				CLANG_WARN_UNGUARDED_AVAILABILITY = YES_AGGRESSIVE;
				CLANG_WARN_UNREACHABLE_CODE = YES;
				CLANG_WARN__DUPLICATE_METHOD_MATCH = YES;
				COPY_PHASE_STRIP = NO;
				DEBUG_INFORMATION_FORMAT = dwarf;
				ENABLE_STRICT_OBJC_MSGSEND = YES;
				ENABLE_TESTABILITY = YES;
				GCC_C_LANGUAGE_STANDARD = gnu11;
				GCC_DYNAMIC_NO_PIC = NO;
				GCC_NO_COMMON_BLOCKS = YES;
				GCC_OPTIMIZATION_LEVEL = 0;
				GCC_PREPROCESSOR_DEFINITIONS = (
					"DEBUG=1",
					"$(inherited)",
				);
				GCC_WARN_64_TO_32_BIT_CONVERSION = YES;
				GCC_WARN_ABOUT_RETURN_TYPE = YES_ERROR;
				GCC_WARN_UNDECLARED_SELECTOR = YES;
				GCC_WARN_UNINITIALIZED_AUTOS = YES_AGGRESSIVE;
				GCC_WARN_UNUSED_FUNCTION = YES;
				GCC_WARN_UNUSED_VARIABLE = YES;
				MACOSX_DEPLOYMENT_TARGET = 10.15;
				MTL_ENABLE_DEBUG_INFO = INCLUDE_SOURCE;
				MTL_FAST_MATH = YES;
				ONLY_ACTIVE_ARCH = YES;
				SDKROOT = macosx;
			};
			name = Debug;
		};
		9DC38C6F24223D4F00BDCB68 /* Release */ = {
			isa = XCBuildConfiguration;
			buildSettings = {
				ALWAYS_SEARCH_USER_PATHS = NO;
				CLANG_ANALYZER_NONNULL = YES;
				CLANG_ANALYZER_NUMBER_OBJECT_CONVERSION = YES_AGGRESSIVE;
				CLANG_CXX_LANGUAGE_STANDARD = "gnu++14";
				CLANG_CXX_LIBRARY = "libc++";
				CLANG_ENABLE_MODULES = YES;
				CLANG_ENABLE_OBJC_ARC = YES;
				CLANG_ENABLE_OBJC_WEAK = YES;
				CLANG_WARN_BLOCK_CAPTURE_AUTORELEASING = YES;
				CLANG_WARN_BOOL_CONVERSION = YES;
				CLANG_WARN_COMMA = YES;
				CLANG_WARN_CONSTANT_CONVERSION = YES;
				CLANG_WARN_DEPRECATED_OBJC_IMPLEMENTATIONS = YES;
				CLANG_WARN_DIRECT_OBJC_ISA_USAGE = YES_ERROR;
				CLANG_WARN_DOCUMENTATION_COMMENTS = YES;
				CLANG_WARN_EMPTY_BODY = YES;
				CLANG_WARN_ENUM_CONVERSION = YES;
				CLANG_WARN_INFINITE_RECURSION = YES;
				CLANG_WARN_INT_CONVERSION = YES;
				CLANG_WARN_NON_LITERAL_NULL_CONVERSION = YES;
				CLANG_WARN_OBJC_IMPLICIT_RETAIN_SELF = YES;
				CLANG_WARN_OBJC_LITERAL_CONVERSION = YES;
				CLANG_WARN_OBJC_ROOT_CLASS = YES_ERROR;
				CLANG_WARN_RANGE_LOOP_ANALYSIS = YES;
				CLANG_WARN_STRICT_PROTOTYPES = YES;
				CLANG_WARN_SUSPICIOUS_MOVE = YES;
				CLANG_WARN_UNGUARDED_AVAILABILITY = YES_AGGRESSIVE;
				CLANG_WARN_UNREACHABLE_CODE = YES;
				CLANG_WARN__DUPLICATE_METHOD_MATCH = YES;
				COPY_PHASE_STRIP = NO;
				DEBUG_INFORMATION_FORMAT = "dwarf-with-dsym";
				ENABLE_NS_ASSERTIONS = NO;
				ENABLE_STRICT_OBJC_MSGSEND = YES;
				GCC_C_LANGUAGE_STANDARD = gnu11;
				GCC_NO_COMMON_BLOCKS = YES;
				GCC_WARN_64_TO_32_BIT_CONVERSION = YES;
				GCC_WARN_ABOUT_RETURN_TYPE = YES_ERROR;
				GCC_WARN_UNDECLARED_SELECTOR = YES;
				GCC_WARN_UNINITIALIZED_AUTOS = YES_AGGRESSIVE;
				GCC_WARN_UNUSED_FUNCTION = YES;
				GCC_WARN_UNUSED_VARIABLE = YES;
				MACOSX_DEPLOYMENT_TARGET = 10.15;
				MTL_ENABLE_DEBUG_INFO = NO;
				MTL_FAST_MATH = YES;
				SDKROOT = macosx;
			};
			name = Release;
		};
		9DC38C7124223D4F00BDCB68 /* Debug */ = {
			isa = XCBuildConfiguration;
			buildSettings = {
				CODE_SIGN_STYLE = Automatic;
				DEVELOPMENT_TEAM = WHPNX2SX7F;
				ENABLE_HARDENED_RUNTIME = YES;
				PRODUCT_NAME = "$(TARGET_NAME)";
			};
			name = Debug;
		};
		9DC38C7224223D4F00BDCB68 /* Release */ = {
			isa = XCBuildConfiguration;
			buildSettings = {
				CODE_SIGN_STYLE = Automatic;
				DEVELOPMENT_TEAM = WHPNX2SX7F;
				ENABLE_HARDENED_RUNTIME = YES;
				PRODUCT_NAME = "$(TARGET_NAME)";
			};
			name = Release;
		};
/* End XCBuildConfiguration section */

/* Begin XCConfigurationList section */
		9DC38C6424223D4E00BDCB68 /* Build configuration list for PBXProject "dbexample" */ = {
			isa = XCConfigurationList;
			buildConfigurations = (
				9DC38C6E24223D4F00BDCB68 /* Debug */,
				9DC38C6F24223D4F00BDCB68 /* Release */,
			);
			defaultConfigurationIsVisible = 0;
			defaultConfigurationName = Release;
		};
		9DC38C7024223D4F00BDCB68 /* Build configuration list for PBXNativeTarget "dbexample" */ = {
			isa = XCConfigurationList;
			buildConfigurations = (
				9DC38C7124223D4F00BDCB68 /* Debug */,
				9DC38C7224223D4F00BDCB68 /* Release */,
			);
			defaultConfigurationIsVisible = 0;
			defaultConfigurationName = Release;
		};
/* End XCConfigurationList section */
	};
	rootObject = 9DC38C6124223D4E00BDCB68 /* Project object */;
}
